
Microsoft Visual Studio Solution File, Format Version 12.00
# Visual Studio 15
VisualStudioVersion = 15.0.26430.6
MinimumVisualStudioVersion = 10.0.40219.1
Project("{FAE04EC0-301F-11D3-BF4B-00C04F79EFBC}") = "WoWInfo.Android", "WoWInfo\WoWInfo.Android\WoWInfo.Android.csproj", "{DD06689A-CE2E-4AA5-BA90-02C644B6EC2E}"
EndProject
Project("{FAE04EC0-301F-11D3-BF4B-00C04F79EFBC}") = "WoWInfo", "WoWInfo\WoWInfo\WoWInfo.csproj", "{42410904-326C-4F3D-B256-F48B4D0BA7F1}"
EndProject
Project("{FAE04EC0-301F-11D3-BF4B-00C04F79EFBC}") = "WoWInfo.UWP", "WoWInfo\WoWInfo.UWP\WoWInfo.UWP.csproj", "{FEA58693-AFE1-4D06-A7A7-376551089B4F}"
EndProject
Project("{FAE04EC0-301F-11D3-BF4B-00C04F79EFBC}") = "WoWInfo.iOS", "WoWInfo\WoWInfo.iOS\WoWInfo.iOS.csproj", "{E5327DE3-8984-4738-99B2-D97644955CFD}"
EndProject
Global
	GlobalSection(SolutionConfigurationPlatforms) = preSolution
		Ad-Hoc|Any CPU = Ad-Hoc|Any CPU
		Ad-Hoc|ARM = Ad-Hoc|ARM
		Ad-Hoc|iPhone = Ad-Hoc|iPhone
		Ad-Hoc|iPhoneSimulator = Ad-Hoc|iPhoneSimulator
		Ad-Hoc|x64 = Ad-Hoc|x64
		Ad-Hoc|x86 = Ad-Hoc|x86
		AppStore|Any CPU = AppStore|Any CPU
		AppStore|ARM = AppStore|ARM
		AppStore|iPhone = AppStore|iPhone
		AppStore|iPhoneSimulator = AppStore|iPhoneSimulator
		AppStore|x64 = AppStore|x64
		AppStore|x86 = AppStore|x86
		Debug|Any CPU = Debug|Any CPU
		Debug|ARM = Debug|ARM
		Debug|iPhone = Debug|iPhone
		Debug|iPhoneSimulator = Debug|iPhoneSimulator
		Debug|x64 = Debug|x64
		Debug|x86 = Debug|x86
		Release|Any CPU = Release|Any CPU
		Release|ARM = Release|ARM
		Release|iPhone = Release|iPhone
		Release|iPhoneSimulator = Release|iPhoneSimulator
		Release|x64 = Release|x64
		Release|x86 = Release|x86
	EndGlobalSection
	GlobalSection(ProjectConfigurationPlatforms) = postSolution
		{DD06689A-CE2E-4AA5-BA90-02C644B6EC2E}.Ad-Hoc|Any CPU.ActiveCfg = Release|Any CPU
		{DD06689A-CE2E-4AA5-BA90-02C644B6EC2E}.Ad-Hoc|Any CPU.Build.0 = Release|Any CPU
		{DD06689A-CE2E-4AA5-BA90-02C644B6EC2E}.Ad-Hoc|Any CPU.Deploy.0 = Release|Any CPU
		{DD06689A-CE2E-4AA5-BA90-02C644B6EC2E}.Ad-Hoc|ARM.ActiveCfg = Release|Any CPU
		{DD06689A-CE2E-4AA5-BA90-02C644B6EC2E}.Ad-Hoc|ARM.Build.0 = Release|Any CPU
		{DD06689A-CE2E-4AA5-BA90-02C644B6EC2E}.Ad-Hoc|ARM.Deploy.0 = Release|Any CPU
		{DD06689A-CE2E-4AA5-BA90-02C644B6EC2E}.Ad-Hoc|iPhone.ActiveCfg = Release|Any CPU
		{DD06689A-CE2E-4AA5-BA90-02C644B6EC2E}.Ad-Hoc|iPhone.Build.0 = Release|Any CPU
		{DD06689A-CE2E-4AA5-BA90-02C644B6EC2E}.Ad-Hoc|iPhone.Deploy.0 = Release|Any CPU
		{DD06689A-CE2E-4AA5-BA90-02C644B6EC2E}.Ad-Hoc|iPhoneSimulator.ActiveCfg = Release|Any CPU
		{DD06689A-CE2E-4AA5-BA90-02C644B6EC2E}.Ad-Hoc|iPhoneSimulator.Build.0 = Release|Any CPU
		{DD06689A-CE2E-4AA5-BA90-02C644B6EC2E}.Ad-Hoc|iPhoneSimulator.Deploy.0 = Release|Any CPU
		{DD06689A-CE2E-4AA5-BA90-02C644B6EC2E}.Ad-Hoc|x64.ActiveCfg = Release|Any CPU
		{DD06689A-CE2E-4AA5-BA90-02C644B6EC2E}.Ad-Hoc|x64.Build.0 = Release|Any CPU
		{DD06689A-CE2E-4AA5-BA90-02C644B6EC2E}.Ad-Hoc|x64.Deploy.0 = Release|Any CPU
		{DD06689A-CE2E-4AA5-BA90-02C644B6EC2E}.Ad-Hoc|x86.ActiveCfg = Release|Any CPU
		{DD06689A-CE2E-4AA5-BA90-02C644B6EC2E}.Ad-Hoc|x86.Build.0 = Release|Any CPU
		{DD06689A-CE2E-4AA5-BA90-02C644B6EC2E}.Ad-Hoc|x86.Deploy.0 = Release|Any CPU
		{DD06689A-CE2E-4AA5-BA90-02C644B6EC2E}.AppStore|Any CPU.ActiveCfg = Release|Any CPU
		{DD06689A-CE2E-4AA5-BA90-02C644B6EC2E}.AppStore|Any CPU.Build.0 = Release|Any CPU
		{DD06689A-CE2E-4AA5-BA90-02C644B6EC2E}.AppStore|Any CPU.Deploy.0 = Release|Any CPU
		{DD06689A-CE2E-4AA5-BA90-02C644B6EC2E}.AppStore|ARM.ActiveCfg = Release|Any CPU
		{DD06689A-CE2E-4AA5-BA90-02C644B6EC2E}.AppStore|ARM.Build.0 = Release|Any CPU
		{DD06689A-CE2E-4AA5-BA90-02C644B6EC2E}.AppStore|ARM.Deploy.0 = Release|Any CPU
		{DD06689A-CE2E-4AA5-BA90-02C644B6EC2E}.AppStore|iPhone.ActiveCfg = Release|Any CPU
		{DD06689A-CE2E-4AA5-BA90-02C644B6EC2E}.AppStore|iPhone.Build.0 = Release|Any CPU
		{DD06689A-CE2E-4AA5-BA90-02C644B6EC2E}.AppStore|iPhone.Deploy.0 = Release|Any CPU
		{DD06689A-CE2E-4AA5-BA90-02C644B6EC2E}.AppStore|iPhoneSimulator.ActiveCfg = Release|Any CPU
		{DD06689A-CE2E-4AA5-BA90-02C644B6EC2E}.AppStore|iPhoneSimulator.Build.0 = Release|Any CPU
		{DD06689A-CE2E-4AA5-BA90-02C644B6EC2E}.AppStore|iPhoneSimulator.Deploy.0 = Release|Any CPU
		{DD06689A-CE2E-4AA5-BA90-02C644B6EC2E}.AppStore|x64.ActiveCfg = Release|Any CPU
		{DD06689A-CE2E-4AA5-BA90-02C644B6EC2E}.AppStore|x64.Build.0 = Release|Any CPU
		{DD06689A-CE2E-4AA5-BA90-02C644B6EC2E}.AppStore|x64.Deploy.0 = Release|Any CPU
		{DD06689A-CE2E-4AA5-BA90-02C644B6EC2E}.AppStore|x86.ActiveCfg = Release|Any CPU
		{DD06689A-CE2E-4AA5-BA90-02C644B6EC2E}.AppStore|x86.Build.0 = Release|Any CPU
		{DD06689A-CE2E-4AA5-BA90-02C644B6EC2E}.AppStore|x86.Deploy.0 = Release|Any CPU
		{DD06689A-CE2E-4AA5-BA90-02C644B6EC2E}.Debug|Any CPU.ActiveCfg = Debug|Any CPU
		{DD06689A-CE2E-4AA5-BA90-02C644B6EC2E}.Debug|Any CPU.Build.0 = Debug|Any CPU
		{DD06689A-CE2E-4AA5-BA90-02C644B6EC2E}.Debug|Any CPU.Deploy.0 = Debug|Any CPU
		{DD06689A-CE2E-4AA5-BA90-02C644B6EC2E}.Debug|ARM.ActiveCfg = Debug|Any CPU
		{DD06689A-CE2E-4AA5-BA90-02C644B6EC2E}.Debug|ARM.Build.0 = Debug|Any CPU
		{DD06689A-CE2E-4AA5-BA90-02C644B6EC2E}.Debug|ARM.Deploy.0 = Debug|Any CPU
		{DD06689A-CE2E-4AA5-BA90-02C644B6EC2E}.Debug|iPhone.ActiveCfg = Debug|Any CPU
		{DD06689A-CE2E-4AA5-BA90-02C644B6EC2E}.Debug|iPhone.Build.0 = Debug|Any CPU
		{DD06689A-CE2E-4AA5-BA90-02C644B6EC2E}.Debug|iPhone.Deploy.0 = Debug|Any CPU
		{DD06689A-CE2E-4AA5-BA90-02C644B6EC2E}.Debug|iPhoneSimulator.ActiveCfg = Debug|Any CPU
		{DD06689A-CE2E-4AA5-BA90-02C644B6EC2E}.Debug|iPhoneSimulator.Build.0 = Debug|Any CPU
		{DD06689A-CE2E-4AA5-BA90-02C644B6EC2E}.Debug|iPhoneSimulator.Deploy.0 = Debug|Any CPU
		{DD06689A-CE2E-4AA5-BA90-02C644B6EC2E}.Debug|x64.ActiveCfg = Debug|Any CPU
		{DD06689A-CE2E-4AA5-BA90-02C644B6EC2E}.Debug|x64.Build.0 = Debug|Any CPU
		{DD06689A-CE2E-4AA5-BA90-02C644B6EC2E}.Debug|x64.Deploy.0 = Debug|Any CPU
		{DD06689A-CE2E-4AA5-BA90-02C644B6EC2E}.Debug|x86.ActiveCfg = Debug|Any CPU
		{DD06689A-CE2E-4AA5-BA90-02C644B6EC2E}.Debug|x86.Build.0 = Debug|Any CPU
		{DD06689A-CE2E-4AA5-BA90-02C644B6EC2E}.Debug|x86.Deploy.0 = Debug|Any CPU
		{DD06689A-CE2E-4AA5-BA90-02C644B6EC2E}.Release|Any CPU.ActiveCfg = Release|Any CPU
		{DD06689A-CE2E-4AA5-BA90-02C644B6EC2E}.Release|Any CPU.Build.0 = Release|Any CPU
		{DD06689A-CE2E-4AA5-BA90-02C644B6EC2E}.Release|Any CPU.Deploy.0 = Release|Any CPU
		{DD06689A-CE2E-4AA5-BA90-02C644B6EC2E}.Release|ARM.ActiveCfg = Release|Any CPU
		{DD06689A-CE2E-4AA5-BA90-02C644B6EC2E}.Release|ARM.Build.0 = Release|Any CPU
		{DD06689A-CE2E-4AA5-BA90-02C644B6EC2E}.Release|ARM.Deploy.0 = Release|Any CPU
		{DD06689A-CE2E-4AA5-BA90-02C644B6EC2E}.Release|iPhone.ActiveCfg = Release|Any CPU
		{DD06689A-CE2E-4AA5-BA90-02C644B6EC2E}.Release|iPhone.Build.0 = Release|Any CPU
		{DD06689A-CE2E-4AA5-BA90-02C644B6EC2E}.Release|iPhone.Deploy.0 = Release|Any CPU
		{DD06689A-CE2E-4AA5-BA90-02C644B6EC2E}.Release|iPhoneSimulator.ActiveCfg = Release|Any CPU
		{DD06689A-CE2E-4AA5-BA90-02C644B6EC2E}.Release|iPhoneSimulator.Build.0 = Release|Any CPU
		{DD06689A-CE2E-4AA5-BA90-02C644B6EC2E}.Release|iPhoneSimulator.Deploy.0 = Release|Any CPU
		{DD06689A-CE2E-4AA5-BA90-02C644B6EC2E}.Release|x64.ActiveCfg = Release|Any CPU
		{DD06689A-CE2E-4AA5-BA90-02C644B6EC2E}.Release|x64.Build.0 = Release|Any CPU
		{DD06689A-CE2E-4AA5-BA90-02C644B6EC2E}.Release|x64.Deploy.0 = Release|Any CPU
		{DD06689A-CE2E-4AA5-BA90-02C644B6EC2E}.Release|x86.ActiveCfg = Release|Any CPU
		{DD06689A-CE2E-4AA5-BA90-02C644B6EC2E}.Release|x86.Build.0 = Release|Any CPU
		{DD06689A-CE2E-4AA5-BA90-02C644B6EC2E}.Release|x86.Deploy.0 = Release|Any CPU
		{42410904-326C-4F3D-B256-F48B4D0BA7F1}.Ad-Hoc|Any CPU.ActiveCfg = Release|Any CPU
		{42410904-326C-4F3D-B256-F48B4D0BA7F1}.Ad-Hoc|Any CPU.Build.0 = Release|Any CPU
		{42410904-326C-4F3D-B256-F48B4D0BA7F1}.Ad-Hoc|ARM.ActiveCfg = Release|Any CPU
		{42410904-326C-4F3D-B256-F48B4D0BA7F1}.Ad-Hoc|ARM.Build.0 = Release|Any CPU
		{42410904-326C-4F3D-B256-F48B4D0BA7F1}.Ad-Hoc|iPhone.ActiveCfg = Release|Any CPU
		{42410904-326C-4F3D-B256-F48B4D0BA7F1}.Ad-Hoc|iPhone.Build.0 = Release|Any CPU
		{42410904-326C-4F3D-B256-F48B4D0BA7F1}.Ad-Hoc|iPhoneSimulator.ActiveCfg = Release|Any CPU
		{42410904-326C-4F3D-B256-F48B4D0BA7F1}.Ad-Hoc|iPhoneSimulator.Build.0 = Release|Any CPU
		{42410904-326C-4F3D-B256-F48B4D0BA7F1}.Ad-Hoc|x64.ActiveCfg = Release|Any CPU
		{42410904-326C-4F3D-B256-F48B4D0BA7F1}.Ad-Hoc|x64.Build.0 = Release|Any CPU
		{42410904-326C-4F3D-B256-F48B4D0BA7F1}.Ad-Hoc|x86.ActiveCfg = Release|Any CPU
		{42410904-326C-4F3D-B256-F48B4D0BA7F1}.Ad-Hoc|x86.Build.0 = Release|Any CPU
		{42410904-326C-4F3D-B256-F48B4D0BA7F1}.AppStore|Any CPU.ActiveCfg = Release|Any CPU
		{42410904-326C-4F3D-B256-F48B4D0BA7F1}.AppStore|Any CPU.Build.0 = Release|Any CPU
		{42410904-326C-4F3D-B256-F48B4D0BA7F1}.AppStore|ARM.ActiveCfg = Release|Any CPU
		{42410904-326C-4F3D-B256-F48B4D0BA7F1}.AppStore|ARM.Build.0 = Release|Any CPU
		{42410904-326C-4F3D-B256-F48B4D0BA7F1}.AppStore|iPhone.ActiveCfg = Release|Any CPU
		{42410904-326C-4F3D-B256-F48B4D0BA7F1}.AppStore|iPhone.Build.0 = Release|Any CPU
		{42410904-326C-4F3D-B256-F48B4D0BA7F1}.AppStore|iPhoneSimulator.ActiveCfg = Release|Any CPU
		{42410904-326C-4F3D-B256-F48B4D0BA7F1}.AppStore|iPhoneSimulator.Build.0 = Release|Any CPU
		{42410904-326C-4F3D-B256-F48B4D0BA7F1}.AppStore|x64.ActiveCfg = Release|Any CPU
		{42410904-326C-4F3D-B256-F48B4D0BA7F1}.AppStore|x64.Build.0 = Release|Any CPU
		{42410904-326C-4F3D-B256-F48B4D0BA7F1}.AppStore|x86.ActiveCfg = Release|Any CPU
		{42410904-326C-4F3D-B256-F48B4D0BA7F1}.AppStore|x86.Build.0 = Release|Any CPU
		{42410904-326C-4F3D-B256-F48B4D0BA7F1}.Debug|Any CPU.ActiveCfg = Debug|Any CPU
		{42410904-326C-4F3D-B256-F48B4D0BA7F1}.Debug|Any CPU.Build.0 = Debug|Any CPU
		{42410904-326C-4F3D-B256-F48B4D0BA7F1}.Debug|ARM.ActiveCfg = Debug|Any CPU
		{42410904-326C-4F3D-B256-F48B4D0BA7F1}.Debug|ARM.Build.0 = Debug|Any CPU
		{42410904-326C-4F3D-B256-F48B4D0BA7F1}.Debug|iPhone.ActiveCfg = Debug|Any CPU
		{42410904-326C-4F3D-B256-F48B4D0BA7F1}.Debug|iPhone.Build.0 = Debug|Any CPU
		{42410904-326C-4F3D-B256-F48B4D0BA7F1}.Debug|iPhoneSimulator.ActiveCfg = Debug|Any CPU
		{42410904-326C-4F3D-B256-F48B4D0BA7F1}.Debug|iPhoneSimulator.Build.0 = Debug|Any CPU
		{42410904-326C-4F3D-B256-F48B4D0BA7F1}.Debug|x64.ActiveCfg = Debug|Any CPU
		{42410904-326C-4F3D-B256-F48B4D0BA7F1}.Debug|x64.Build.0 = Debug|Any CPU
		{42410904-326C-4F3D-B256-F48B4D0BA7F1}.Debug|x86.ActiveCfg = Debug|Any CPU
		{42410904-326C-4F3D-B256-F48B4D0BA7F1}.Debug|x86.Build.0 = Debug|Any CPU
		{42410904-326C-4F3D-B256-F48B4D0BA7F1}.Release|Any CPU.ActiveCfg = Release|Any CPU
		{42410904-326C-4F3D-B256-F48B4D0BA7F1}.Release|Any CPU.Build.0 = Release|Any CPU
		{42410904-326C-4F3D-B256-F48B4D0BA7F1}.Release|ARM.ActiveCfg = Release|Any CPU
		{42410904-326C-4F3D-B256-F48B4D0BA7F1}.Release|ARM.Build.0 = Release|Any CPU
		{42410904-326C-4F3D-B256-F48B4D0BA7F1}.Release|iPhone.ActiveCfg = Release|Any CPU
		{42410904-326C-4F3D-B256-F48B4D0BA7F1}.Release|iPhone.Build.0 = Release|Any CPU
		{42410904-326C-4F3D-B256-F48B4D0BA7F1}.Release|iPhoneSimulator.ActiveCfg = Release|Any CPU
		{42410904-326C-4F3D-B256-F48B4D0BA7F1}.Release|iPhoneSimulator.Build.0 = Release|Any CPU
		{42410904-326C-4F3D-B256-F48B4D0BA7F1}.Release|x64.ActiveCfg = Release|Any CPU
		{42410904-326C-4F3D-B256-F48B4D0BA7F1}.Release|x64.Build.0 = Release|Any CPU
		{42410904-326C-4F3D-B256-F48B4D0BA7F1}.Release|x86.ActiveCfg = Release|Any CPU
		{42410904-326C-4F3D-B256-F48B4D0BA7F1}.Release|x86.Build.0 = Release|Any CPU
		{FEA58693-AFE1-4D06-A7A7-376551089B4F}.Ad-Hoc|Any CPU.ActiveCfg = Release|x86
		{FEA58693-AFE1-4D06-A7A7-376551089B4F}.Ad-Hoc|Any CPU.Build.0 = Release|x86
		{FEA58693-AFE1-4D06-A7A7-376551089B4F}.Ad-Hoc|Any CPU.Deploy.0 = Release|x86
		{FEA58693-AFE1-4D06-A7A7-376551089B4F}.Ad-Hoc|ARM.ActiveCfg = Release|ARM
		{FEA58693-AFE1-4D06-A7A7-376551089B4F}.Ad-Hoc|ARM.Build.0 = Release|ARM
		{FEA58693-AFE1-4D06-A7A7-376551089B4F}.Ad-Hoc|ARM.Deploy.0 = Release|ARM
		{FEA58693-AFE1-4D06-A7A7-376551089B4F}.Ad-Hoc|iPhone.ActiveCfg = Release|x86
		{FEA58693-AFE1-4D06-A7A7-376551089B4F}.Ad-Hoc|iPhone.Build.0 = Release|x86
		{FEA58693-AFE1-4D06-A7A7-376551089B4F}.Ad-Hoc|iPhone.Deploy.0 = Release|x86
		{FEA58693-AFE1-4D06-A7A7-376551089B4F}.Ad-Hoc|iPhoneSimulator.ActiveCfg = Release|x86
		{FEA58693-AFE1-4D06-A7A7-376551089B4F}.Ad-Hoc|iPhoneSimulator.Build.0 = Release|x86
		{FEA58693-AFE1-4D06-A7A7-376551089B4F}.Ad-Hoc|iPhoneSimulator.Deploy.0 = Release|x86
		{FEA58693-AFE1-4D06-A7A7-376551089B4F}.Ad-Hoc|x64.ActiveCfg = Release|x64
		{FEA58693-AFE1-4D06-A7A7-376551089B4F}.Ad-Hoc|x64.Build.0 = Release|x64
		{FEA58693-AFE1-4D06-A7A7-376551089B4F}.Ad-Hoc|x64.Deploy.0 = Release|x64
		{FEA58693-AFE1-4D06-A7A7-376551089B4F}.Ad-Hoc|x86.ActiveCfg = Release|x86
		{FEA58693-AFE1-4D06-A7A7-376551089B4F}.Ad-Hoc|x86.Build.0 = Release|x86
		{FEA58693-AFE1-4D06-A7A7-376551089B4F}.Ad-Hoc|x86.Deploy.0 = Release|x86
		{FEA58693-AFE1-4D06-A7A7-376551089B4F}.AppStore|Any CPU.ActiveCfg = Release|x86
		{FEA58693-AFE1-4D06-A7A7-376551089B4F}.AppStore|Any CPU.Build.0 = Release|x86
		{FEA58693-AFE1-4D06-A7A7-376551089B4F}.AppStore|Any CPU.Deploy.0 = Release|x86
		{FEA58693-AFE1-4D06-A7A7-376551089B4F}.AppStore|ARM.ActiveCfg = Release|ARM
		{FEA58693-AFE1-4D06-A7A7-376551089B4F}.AppStore|ARM.Build.0 = Release|ARM
		{FEA58693-AFE1-4D06-A7A7-376551089B4F}.AppStore|ARM.Deploy.0 = Release|ARM
		{FEA58693-AFE1-4D06-A7A7-376551089B4F}.AppStore|iPhone.ActiveCfg = Release|x86
		{FEA58693-AFE1-4D06-A7A7-376551089B4F}.AppStore|iPhone.Build.0 = Release|x86
		{FEA58693-AFE1-4D06-A7A7-376551089B4F}.AppStore|iPhone.Deploy.0 = Release|x86
		{FEA58693-AFE1-4D06-A7A7-376551089B4F}.AppStore|iPhoneSimulator.ActiveCfg = Release|x86
		{FEA58693-AFE1-4D06-A7A7-376551089B4F}.AppStore|iPhoneSimulator.Build.0 = Release|x86
		{FEA58693-AFE1-4D06-A7A7-376551089B4F}.AppStore|iPhoneSimulator.Deploy.0 = Release|x86
		{FEA58693-AFE1-4D06-A7A7-376551089B4F}.AppStore|x64.ActiveCfg = Release|x64
		{FEA58693-AFE1-4D06-A7A7-376551089B4F}.AppStore|x64.Build.0 = Release|x64
		{FEA58693-AFE1-4D06-A7A7-376551089B4F}.AppStore|x64.Deploy.0 = Release|x64
		{FEA58693-AFE1-4D06-A7A7-376551089B4F}.AppStore|x86.ActiveCfg = Release|x86
		{FEA58693-AFE1-4D06-A7A7-376551089B4F}.AppStore|x86.Build.0 = Release|x86
		{FEA58693-AFE1-4D06-A7A7-376551089B4F}.AppStore|x86.Deploy.0 = Release|x86
		{FEA58693-AFE1-4D06-A7A7-376551089B4F}.Debug|Any CPU.ActiveCfg = Debug|x86
		{FEA58693-AFE1-4D06-A7A7-376551089B4F}.Debug|ARM.ActiveCfg = Debug|ARM
		{FEA58693-AFE1-4D06-A7A7-376551089B4F}.Debug|ARM.Build.0 = Debug|ARM
		{FEA58693-AFE1-4D06-A7A7-376551089B4F}.Debug|ARM.Deploy.0 = Debug|ARM
		{FEA58693-AFE1-4D06-A7A7-376551089B4F}.Debug|iPhone.ActiveCfg = Debug|x86
		{FEA58693-AFE1-4D06-A7A7-376551089B4F}.Debug|iPhoneSimulator.ActiveCfg = Debug|x86
		{FEA58693-AFE1-4D06-A7A7-376551089B4F}.Debug|x64.ActiveCfg = Debug|x64
		{FEA58693-AFE1-4D06-A7A7-376551089B4F}.Debug|x64.Build.0 = Debug|x64
		{FEA58693-AFE1-4D06-A7A7-376551089B4F}.Debug|x64.Deploy.0 = Debug|x64
		{FEA58693-AFE1-4D06-A7A7-376551089B4F}.Debug|x86.ActiveCfg = Debug|x86
		{FEA58693-AFE1-4D06-A7A7-376551089B4F}.Debug|x86.Build.0 = Debug|x86
		{FEA58693-AFE1-4D06-A7A7-376551089B4F}.Debug|x86.Deploy.0 = Debug|x86
		{FEA58693-AFE1-4D06-A7A7-376551089B4F}.Release|Any CPU.ActiveCfg = Release|x86
		{FEA58693-AFE1-4D06-A7A7-376551089B4F}.Release|ARM.ActiveCfg = Release|ARM
		{FEA58693-AFE1-4D06-A7A7-376551089B4F}.Release|ARM.Build.0 = Release|ARM
		{FEA58693-AFE1-4D06-A7A7-376551089B4F}.Release|ARM.Deploy.0 = Release|ARM
		{FEA58693-AFE1-4D06-A7A7-376551089B4F}.Release|iPhone.ActiveCfg = Release|x86
		{FEA58693-AFE1-4D06-A7A7-376551089B4F}.Release|iPhoneSimulator.ActiveCfg = Release|x86
		{FEA58693-AFE1-4D06-A7A7-376551089B4F}.Release|x64.ActiveCfg = Release|x64
		{FEA58693-AFE1-4D06-A7A7-376551089B4F}.Release|x64.Build.0 = Release|x64
		{FEA58693-AFE1-4D06-A7A7-376551089B4F}.Release|x64.Deploy.0 = Release|x64
		{FEA58693-AFE1-4D06-A7A7-376551089B4F}.Release|x86.ActiveCfg = Release|x86
		{FEA58693-AFE1-4D06-A7A7-376551089B4F}.Release|x86.Build.0 = Release|x86
		{FEA58693-AFE1-4D06-A7A7-376551089B4F}.Release|x86.Deploy.0 = Release|x86
		{E5327DE3-8984-4738-99B2-D97644955CFD}.Ad-Hoc|Any CPU.ActiveCfg = Ad-Hoc|iPhone
		{E5327DE3-8984-4738-99B2-D97644955CFD}.Ad-Hoc|ARM.ActiveCfg = Ad-Hoc|iPhone
		{E5327DE3-8984-4738-99B2-D97644955CFD}.Ad-Hoc|iPhone.ActiveCfg = Ad-Hoc|iPhone
		{E5327DE3-8984-4738-99B2-D97644955CFD}.Ad-Hoc|iPhone.Build.0 = Ad-Hoc|iPhone
		{E5327DE3-8984-4738-99B2-D97644955CFD}.Ad-Hoc|iPhoneSimulator.ActiveCfg = Ad-Hoc|iPhoneSimulator
		{E5327DE3-8984-4738-99B2-D97644955CFD}.Ad-Hoc|iPhoneSimulator.Build.0 = Ad-Hoc|iPhoneSimulator
		{E5327DE3-8984-4738-99B2-D97644955CFD}.Ad-Hoc|x64.ActiveCfg = Ad-Hoc|iPhone
		{E5327DE3-8984-4738-99B2-D97644955CFD}.Ad-Hoc|x86.ActiveCfg = Ad-Hoc|iPhone
		{E5327DE3-8984-4738-99B2-D97644955CFD}.AppStore|Any CPU.ActiveCfg = AppStore|iPhone
		{E5327DE3-8984-4738-99B2-D97644955CFD}.AppStore|ARM.ActiveCfg = AppStore|iPhone
		{E5327DE3-8984-4738-99B2-D97644955CFD}.AppStore|iPhone.ActiveCfg = AppStore|iPhone
		{E5327DE3-8984-4738-99B2-D97644955CFD}.AppStore|iPhone.Build.0 = AppStore|iPhone
		{E5327DE3-8984-4738-99B2-D97644955CFD}.AppStore|iPhoneSimulator.ActiveCfg = AppStore|iPhoneSimulator
		{E5327DE3-8984-4738-99B2-D97644955CFD}.AppStore|iPhoneSimulator.Build.0 = AppStore|iPhoneSimulator
		{E5327DE3-8984-4738-99B2-D97644955CFD}.AppStore|x64.ActiveCfg = AppStore|iPhone
		{E5327DE3-8984-4738-99B2-D97644955CFD}.AppStore|x86.ActiveCfg = AppStore|iPhone
		{E5327DE3-8984-4738-99B2-D97644955CFD}.Debug|Any CPU.ActiveCfg = Debug|iPhone
		{E5327DE3-8984-4738-99B2-D97644955CFD}.Debug|ARM.ActiveCfg = Debug|iPhone
		{E5327DE3-8984-4738-99B2-D97644955CFD}.Debug|iPhone.ActiveCfg = Debug|iPhone
		{E5327DE3-8984-4738-99B2-D97644955CFD}.Debug|iPhone.Build.0 = Debug|iPhone
		{E5327DE3-8984-4738-99B2-D97644955CFD}.Debug|iPhoneSimulator.ActiveCfg = Debug|iPhoneSimulator
		{E5327DE3-8984-4738-99B2-D97644955CFD}.Debug|iPhoneSimulator.Build.0 = Debug|iPhoneSimulator
		{E5327DE3-8984-4738-99B2-D97644955CFD}.Debug|x64.ActiveCfg = Debug|iPhone
		{E5327DE3-8984-4738-99B2-D97644955CFD}.Debug|x86.ActiveCfg = Debug|iPhone
		{E5327DE3-8984-4738-99B2-D97644955CFD}.Release|Any CPU.ActiveCfg = Release|iPhone
		{E5327DE3-8984-4738-99B2-D97644955CFD}.Release|ARM.ActiveCfg = Release|iPhone
		{E5327DE3-8984-4738-99B2-D97644955CFD}.Release|iPhone.ActiveCfg = Release|iPhone
		{E5327DE3-8984-4738-99B2-D97644955CFD}.Release|iPhone.Build.0 = Release|iPhone
		{E5327DE3-8984-4738-99B2-D97644955CFD}.Release|iPhoneSimulator.ActiveCfg = Release|iPhoneSimulator
		{E5327DE3-8984-4738-99B2-D97644955CFD}.Release|iPhoneSimulator.Build.0 = Release|iPhoneSimulator
		{E5327DE3-8984-4738-99B2-D97644955CFD}.Release|x64.ActiveCfg = Release|iPhone
		{E5327DE3-8984-4738-99B2-D97644955CFD}.Release|x86.ActiveCfg = Release|iPhone
	EndGlobalSection
	GlobalSection(SolutionProperties) = preSolution
		HideSolutionNode = FALSE
	EndGlobalSection
EndGlobal
